{
  "name": "@itchio/itch-setup",
  "version": "1.0.0",
  "lockfileVersion": 3,
  "requires": true,
  "packages": {
    "": {
      "name": "@itchio/itch-setup",
      "version": "1.0.0",
      "license": "MIT",
      "devDependencies": {
        "@itchio/bob": "^2.0.0",
        "@types/node": "^14.0.6"
      }
    },
    "node_modules/@itchio/bob": {
      "version": "2.1.0",
      "resolved": "https://registry.npmjs.org/@itchio/bob/-/bob-2.1.0.tgz",
      "integrity": "sha512-R6WgCYp49xBNEIEFJ+tnkDdNcpKhne9tJMM17CLfA5crq4F8/c0r2O0yQOBJWgPuORkhIQOq9E887JHL3tuWmA==",
      "dev": true
    },
    "node_modules/@types/node": {
      "version": "14.0.6",
      "resolved": "https://registry.npmjs.org/@types/node/-/node-14.0.6.tgz",
      "integrity": "sha512-FbNmu4F67d3oZMWBV6Y4MaPER+0EpE9eIYf2yaHhCWovc1dlXCZkqGX4NLHfVVr6umt20TNBdRzrNJIzIKfdbw==",
      "dev": true
    }
  }
}
